
Microsoft Visual Studio Solution File, Format Version 12.00
# Visual Studio 15
VisualStudioVersion = 15.0.28010.2016
MinimumVisualStudioVersion = 10.0.40219.1
Project("{FAE04EC0-301F-11D3-BF4B-00C04F79EFBC}") = "WebApplication1", "WebApplication1\WebApplication1.csproj", "{53D83A7F-6983-4566-BCEE-5E33F9E5D4D4}"
EndProject
Global
	GlobalSection(SolutionConfigurationPlatforms) = preSolution
		Debug|Any CPU = Debug|Any CPU
		Release|Any CPU = Release|Any CPU
	EndGlobalSection
	GlobalSection(ProjectConfigurationPlatforms) = postSolution
		{53D83A7F-6983-4566-BCEE-5E33F9E5D4D4}.Debug|Any CPU.ActiveCfg = Debug|Any CPU
		{53D83A7F-6983-4566-BCEE-5E33F9E5D4D4}.Debug|Any CPU.Build.0 = Debug|Any CPU
		{53D83A7F-6983-4566-BCEE-5E33F9E5D4D4}.Release|Any CPU.ActiveCfg = Release|Any CPU
		{53D83A7F-6983-4566-BCEE-5E33F9E5D4D4}.Release|Any CPU.Build.0 = Release|Any CPU
	EndGlobalSection
	GlobalSection(SolutionProperties) = preSolution
		HideSolutionNode = FALSE
	EndGlobalSection
	GlobalSection(ExtensibilityGlobals) = postSolution
		SolutionGuid = {4F1DDB67-2A8E-4358-BC7E-8DCB471F72B4}
	EndGlobalSection
EndGlobal
